
Microsoft Visual Studio Solution File, Format Version 12.00
# Visual Studio 14
VisualStudioVersion = 14.0.22823.1
MinimumVisualStudioVersion = 10.0.40219.1
Project("{FAE04EC0-301F-11D3-BF4B-00C04F79EFBC}") = "BitwiseNumbersRoundCountdown", "BitwiseNumbersRoundCountdown\BitwiseNumbersRoundCountdown.csproj", "{22AC3594-B799-4243-A702-AAC50738BAA3}"
EndProject
Project("{FAE04EC0-301F-11D3-BF4B-00C04F79EFBC}") = "CSharpScripting", "..\..\roslyn\src\Scripting\CSharp\CSharpScripting.csproj", "{066F0DBD-C46C-4C20-AFEC-99829A172625}"
EndProject
Project("{FAE04EC0-301F-11D3-BF4B-00C04F79EFBC}") = "Scripting", "..\..\roslyn\src\Scripting\Core\Scripting.csproj", "{12A68549-4E8C-42D6-8703-A09335F97997}"
EndProject
Project("{FAE04EC0-301F-11D3-BF4B-00C04F79EFBC}") = "CSharpCodeAnalysis", "..\..\roslyn\src\Compilers\CSharp\Portable\CSharpCodeAnalysis.csproj", "{B501A547-C911-4A05-AC6E-274A50DFF30E}"
EndProject
Project("{FAE04EC0-301F-11D3-BF4B-00C04F79EFBC}") = "CodeAnalysis", "..\..\roslyn\src\Compilers\Core\Portable\CodeAnalysis.csproj", "{1EE8CAD3-55F9-4D91-96B2-084641DA9A6C}"
EndProject
Project("{FAE04EC0-301F-11D3-BF4B-00C04F79EFBC}") = "CodeAnalysis.Desktop", "..\..\roslyn\src\Compilers\Core\Desktop\CodeAnalysis.Desktop.csproj", "{DFA21CA1-7F96-47EE-940C-069858E81727}"
EndProject
Global
	GlobalSection(SolutionConfigurationPlatforms) = preSolution
		Debug|Any CPU = Debug|Any CPU
		Debug|ARM = Debug|ARM
		Debug|x64 = Debug|x64
		DogfoodDebug|Any CPU = DogfoodDebug|Any CPU
		DogfoodDebug|ARM = DogfoodDebug|ARM
		DogfoodDebug|x64 = DogfoodDebug|x64
		DogfoodRelease|Any CPU = DogfoodRelease|Any CPU
		DogfoodRelease|ARM = DogfoodRelease|ARM
		DogfoodRelease|x64 = DogfoodRelease|x64
		Release|Any CPU = Release|Any CPU
		Release|ARM = Release|ARM
		Release|x64 = Release|x64
	EndGlobalSection
	GlobalSection(ProjectConfigurationPlatforms) = postSolution
		{22AC3594-B799-4243-A702-AAC50738BAA3}.Debug|Any CPU.ActiveCfg = Debug|Any CPU
		{22AC3594-B799-4243-A702-AAC50738BAA3}.Debug|Any CPU.Build.0 = Debug|Any CPU
		{22AC3594-B799-4243-A702-AAC50738BAA3}.Debug|ARM.ActiveCfg = Debug|Any CPU
		{22AC3594-B799-4243-A702-AAC50738BAA3}.Debug|ARM.Build.0 = Debug|Any CPU
		{22AC3594-B799-4243-A702-AAC50738BAA3}.Debug|x64.ActiveCfg = Debug|Any CPU
		{22AC3594-B799-4243-A702-AAC50738BAA3}.Debug|x64.Build.0 = Debug|Any CPU
		{22AC3594-B799-4243-A702-AAC50738BAA3}.DogfoodDebug|Any CPU.ActiveCfg = Debug|Any CPU
		{22AC3594-B799-4243-A702-AAC50738BAA3}.DogfoodDebug|Any CPU.Build.0 = Debug|Any CPU
		{22AC3594-B799-4243-A702-AAC50738BAA3}.DogfoodDebug|ARM.ActiveCfg = Debug|Any CPU
		{22AC3594-B799-4243-A702-AAC50738BAA3}.DogfoodDebug|ARM.Build.0 = Debug|Any CPU
		{22AC3594-B799-4243-A702-AAC50738BAA3}.DogfoodDebug|x64.ActiveCfg = Debug|Any CPU
		{22AC3594-B799-4243-A702-AAC50738BAA3}.DogfoodDebug|x64.Build.0 = Debug|Any CPU
		{22AC3594-B799-4243-A702-AAC50738BAA3}.DogfoodRelease|Any CPU.ActiveCfg = Release|Any CPU
		{22AC3594-B799-4243-A702-AAC50738BAA3}.DogfoodRelease|Any CPU.Build.0 = Release|Any CPU
		{22AC3594-B799-4243-A702-AAC50738BAA3}.DogfoodRelease|ARM.ActiveCfg = Release|Any CPU
		{22AC3594-B799-4243-A702-AAC50738BAA3}.DogfoodRelease|ARM.Build.0 = Release|Any CPU
		{22AC3594-B799-4243-A702-AAC50738BAA3}.DogfoodRelease|x64.ActiveCfg = Release|Any CPU
		{22AC3594-B799-4243-A702-AAC50738BAA3}.DogfoodRelease|x64.Build.0 = Release|Any CPU
		{22AC3594-B799-4243-A702-AAC50738BAA3}.Release|Any CPU.ActiveCfg = Release|Any CPU
		{22AC3594-B799-4243-A702-AAC50738BAA3}.Release|Any CPU.Build.0 = Release|Any CPU
		{22AC3594-B799-4243-A702-AAC50738BAA3}.Release|ARM.ActiveCfg = Release|Any CPU
		{22AC3594-B799-4243-A702-AAC50738BAA3}.Release|ARM.Build.0 = Release|Any CPU
		{22AC3594-B799-4243-A702-AAC50738BAA3}.Release|x64.ActiveCfg = Release|Any CPU
		{22AC3594-B799-4243-A702-AAC50738BAA3}.Release|x64.Build.0 = Release|Any CPU
		{066F0DBD-C46C-4C20-AFEC-99829A172625}.Debug|Any CPU.ActiveCfg = Debug|Any CPU
		{066F0DBD-C46C-4C20-AFEC-99829A172625}.Debug|Any CPU.Build.0 = Debug|Any CPU
		{066F0DBD-C46C-4C20-AFEC-99829A172625}.Debug|ARM.ActiveCfg = Debug|ARM
		{066F0DBD-C46C-4C20-AFEC-99829A172625}.Debug|ARM.Build.0 = Debug|ARM
		{066F0DBD-C46C-4C20-AFEC-99829A172625}.Debug|x64.ActiveCfg = Debug|Any CPU
		{066F0DBD-C46C-4C20-AFEC-99829A172625}.Debug|x64.Build.0 = Debug|Any CPU
		{066F0DBD-C46C-4C20-AFEC-99829A172625}.DogfoodDebug|Any CPU.ActiveCfg = Debug|Any CPU
		{066F0DBD-C46C-4C20-AFEC-99829A172625}.DogfoodDebug|Any CPU.Build.0 = Debug|Any CPU
		{066F0DBD-C46C-4C20-AFEC-99829A172625}.DogfoodDebug|ARM.ActiveCfg = Debug|ARM
		{066F0DBD-C46C-4C20-AFEC-99829A172625}.DogfoodDebug|ARM.Build.0 = Debug|ARM
		{066F0DBD-C46C-4C20-AFEC-99829A172625}.DogfoodDebug|x64.ActiveCfg = Debug|Any CPU
		{066F0DBD-C46C-4C20-AFEC-99829A172625}.DogfoodDebug|x64.Build.0 = Debug|Any CPU
		{066F0DBD-C46C-4C20-AFEC-99829A172625}.DogfoodRelease|Any CPU.ActiveCfg = Release|Any CPU
		{066F0DBD-C46C-4C20-AFEC-99829A172625}.DogfoodRelease|Any CPU.Build.0 = Release|Any CPU
		{066F0DBD-C46C-4C20-AFEC-99829A172625}.DogfoodRelease|ARM.ActiveCfg = Release|ARM
		{066F0DBD-C46C-4C20-AFEC-99829A172625}.DogfoodRelease|ARM.Build.0 = Release|ARM
		{066F0DBD-C46C-4C20-AFEC-99829A172625}.DogfoodRelease|x64.ActiveCfg = Release|Any CPU
		{066F0DBD-C46C-4C20-AFEC-99829A172625}.DogfoodRelease|x64.Build.0 = Release|Any CPU
		{066F0DBD-C46C-4C20-AFEC-99829A172625}.Release|Any CPU.ActiveCfg = Release|Any CPU
		{066F0DBD-C46C-4C20-AFEC-99829A172625}.Release|Any CPU.Build.0 = Release|Any CPU
		{066F0DBD-C46C-4C20-AFEC-99829A172625}.Release|ARM.ActiveCfg = Release|ARM
		{066F0DBD-C46C-4C20-AFEC-99829A172625}.Release|ARM.Build.0 = Release|ARM
		{066F0DBD-C46C-4C20-AFEC-99829A172625}.Release|x64.ActiveCfg = Release|Any CPU
		{066F0DBD-C46C-4C20-AFEC-99829A172625}.Release|x64.Build.0 = Release|Any CPU
		{12A68549-4E8C-42D6-8703-A09335F97997}.Debug|Any CPU.ActiveCfg = Debug|Any CPU
		{12A68549-4E8C-42D6-8703-A09335F97997}.Debug|Any CPU.Build.0 = Debug|Any CPU
		{12A68549-4E8C-42D6-8703-A09335F97997}.Debug|ARM.ActiveCfg = Debug|ARM
		{12A68549-4E8C-42D6-8703-A09335F97997}.Debug|ARM.Build.0 = Debug|ARM
		{12A68549-4E8C-42D6-8703-A09335F97997}.Debug|x64.ActiveCfg = Debug|Any CPU
		{12A68549-4E8C-42D6-8703-A09335F97997}.Debug|x64.Build.0 = Debug|Any CPU
		{12A68549-4E8C-42D6-8703-A09335F97997}.DogfoodDebug|Any CPU.ActiveCfg = DogfoodDebug|Any CPU
		{12A68549-4E8C-42D6-8703-A09335F97997}.DogfoodDebug|Any CPU.Build.0 = DogfoodDebug|Any CPU
		{12A68549-4E8C-42D6-8703-A09335F97997}.DogfoodDebug|ARM.ActiveCfg = DogfoodDebug|ARM
		{12A68549-4E8C-42D6-8703-A09335F97997}.DogfoodDebug|ARM.Build.0 = DogfoodDebug|ARM
		{12A68549-4E8C-42D6-8703-A09335F97997}.DogfoodDebug|x64.ActiveCfg = DogfoodDebug|Any CPU
		{12A68549-4E8C-42D6-8703-A09335F97997}.DogfoodDebug|x64.Build.0 = DogfoodDebug|Any CPU
		{12A68549-4E8C-42D6-8703-A09335F97997}.DogfoodRelease|Any CPU.ActiveCfg = DogfoodRelease|Any CPU
		{12A68549-4E8C-42D6-8703-A09335F97997}.DogfoodRelease|Any CPU.Build.0 = DogfoodRelease|Any CPU
		{12A68549-4E8C-42D6-8703-A09335F97997}.DogfoodRelease|ARM.ActiveCfg = DogfoodRelease|ARM
		{12A68549-4E8C-42D6-8703-A09335F97997}.DogfoodRelease|ARM.Build.0 = DogfoodRelease|ARM
		{12A68549-4E8C-42D6-8703-A09335F97997}.DogfoodRelease|x64.ActiveCfg = DogfoodRelease|Any CPU
		{12A68549-4E8C-42D6-8703-A09335F97997}.DogfoodRelease|x64.Build.0 = DogfoodRelease|Any CPU
		{12A68549-4E8C-42D6-8703-A09335F97997}.Release|Any CPU.ActiveCfg = Release|Any CPU
		{12A68549-4E8C-42D6-8703-A09335F97997}.Release|Any CPU.Build.0 = Release|Any CPU
		{12A68549-4E8C-42D6-8703-A09335F97997}.Release|ARM.ActiveCfg = Release|ARM
		{12A68549-4E8C-42D6-8703-A09335F97997}.Release|ARM.Build.0 = Release|ARM
		{12A68549-4E8C-42D6-8703-A09335F97997}.Release|x64.ActiveCfg = Release|Any CPU
		{12A68549-4E8C-42D6-8703-A09335F97997}.Release|x64.Build.0 = Release|Any CPU
		{B501A547-C911-4A05-AC6E-274A50DFF30E}.Debug|Any CPU.ActiveCfg = Debug|Any CPU
		{B501A547-C911-4A05-AC6E-274A50DFF30E}.Debug|Any CPU.Build.0 = Debug|Any CPU
		{B501A547-C911-4A05-AC6E-274A50DFF30E}.Debug|ARM.ActiveCfg = Debug|Any CPU
		{B501A547-C911-4A05-AC6E-274A50DFF30E}.Debug|ARM.Build.0 = Debug|Any CPU
		{B501A547-C911-4A05-AC6E-274A50DFF30E}.Debug|x64.ActiveCfg = Debug|x64
		{B501A547-C911-4A05-AC6E-274A50DFF30E}.Debug|x64.Build.0 = Debug|x64
		{B501A547-C911-4A05-AC6E-274A50DFF30E}.DogfoodDebug|Any CPU.ActiveCfg = Debug|Any CPU
		{B501A547-C911-4A05-AC6E-274A50DFF30E}.DogfoodDebug|Any CPU.Build.0 = Debug|Any CPU
		{B501A547-C911-4A05-AC6E-274A50DFF30E}.DogfoodDebug|ARM.ActiveCfg = Debug|Any CPU
		{B501A547-C911-4A05-AC6E-274A50DFF30E}.DogfoodDebug|ARM.Build.0 = Debug|Any CPU
		{B501A547-C911-4A05-AC6E-274A50DFF30E}.DogfoodDebug|x64.ActiveCfg = Debug|x64
		{B501A547-C911-4A05-AC6E-274A50DFF30E}.DogfoodDebug|x64.Build.0 = Debug|x64
		{B501A547-C911-4A05-AC6E-274A50DFF30E}.DogfoodRelease|Any CPU.ActiveCfg = Release|Any CPU
		{B501A547-C911-4A05-AC6E-274A50DFF30E}.DogfoodRelease|Any CPU.Build.0 = Release|Any CPU
		{B501A547-C911-4A05-AC6E-274A50DFF30E}.DogfoodRelease|ARM.ActiveCfg = Release|Any CPU
		{B501A547-C911-4A05-AC6E-274A50DFF30E}.DogfoodRelease|ARM.Build.0 = Release|Any CPU
		{B501A547-C911-4A05-AC6E-274A50DFF30E}.DogfoodRelease|x64.ActiveCfg = Release|x64
		{B501A547-C911-4A05-AC6E-274A50DFF30E}.DogfoodRelease|x64.Build.0 = Release|x64
		{B501A547-C911-4A05-AC6E-274A50DFF30E}.Release|Any CPU.ActiveCfg = Release|Any CPU
		{B501A547-C911-4A05-AC6E-274A50DFF30E}.Release|Any CPU.Build.0 = Release|Any CPU
		{B501A547-C911-4A05-AC6E-274A50DFF30E}.Release|ARM.ActiveCfg = Release|Any CPU
		{B501A547-C911-4A05-AC6E-274A50DFF30E}.Release|ARM.Build.0 = Release|Any CPU
		{B501A547-C911-4A05-AC6E-274A50DFF30E}.Release|x64.ActiveCfg = Release|x64
		{B501A547-C911-4A05-AC6E-274A50DFF30E}.Release|x64.Build.0 = Release|x64
		{1EE8CAD3-55F9-4D91-96B2-084641DA9A6C}.Debug|Any CPU.ActiveCfg = Debug|Any CPU
		{1EE8CAD3-55F9-4D91-96B2-084641DA9A6C}.Debug|Any CPU.Build.0 = Debug|Any CPU
		{1EE8CAD3-55F9-4D91-96B2-084641DA9A6C}.Debug|ARM.ActiveCfg = Debug|Any CPU
		{1EE8CAD3-55F9-4D91-96B2-084641DA9A6C}.Debug|ARM.Build.0 = Debug|Any CPU
		{1EE8CAD3-55F9-4D91-96B2-084641DA9A6C}.Debug|x64.ActiveCfg = Debug|x64
		{1EE8CAD3-55F9-4D91-96B2-084641DA9A6C}.Debug|x64.Build.0 = Debug|x64
		{1EE8CAD3-55F9-4D91-96B2-084641DA9A6C}.DogfoodDebug|Any CPU.ActiveCfg = Debug|Any CPU
		{1EE8CAD3-55F9-4D91-96B2-084641DA9A6C}.DogfoodDebug|Any CPU.Build.0 = Debug|Any CPU
		{1EE8CAD3-55F9-4D91-96B2-084641DA9A6C}.DogfoodDebug|ARM.ActiveCfg = Debug|Any CPU
		{1EE8CAD3-55F9-4D91-96B2-084641DA9A6C}.DogfoodDebug|ARM.Build.0 = Debug|Any CPU
		{1EE8CAD3-55F9-4D91-96B2-084641DA9A6C}.DogfoodDebug|x64.ActiveCfg = Debug|x64
		{1EE8CAD3-55F9-4D91-96B2-084641DA9A6C}.DogfoodDebug|x64.Build.0 = Debug|x64
		{1EE8CAD3-55F9-4D91-96B2-084641DA9A6C}.DogfoodRelease|Any CPU.ActiveCfg = Release|Any CPU
		{1EE8CAD3-55F9-4D91-96B2-084641DA9A6C}.DogfoodRelease|Any CPU.Build.0 = Release|Any CPU
		{1EE8CAD3-55F9-4D91-96B2-084641DA9A6C}.DogfoodRelease|ARM.ActiveCfg = Release|Any CPU
		{1EE8CAD3-55F9-4D91-96B2-084641DA9A6C}.DogfoodRelease|ARM.Build.0 = Release|Any CPU
		{1EE8CAD3-55F9-4D91-96B2-084641DA9A6C}.DogfoodRelease|x64.ActiveCfg = Release|x64
		{1EE8CAD3-55F9-4D91-96B2-084641DA9A6C}.DogfoodRelease|x64.Build.0 = Release|x64
		{1EE8CAD3-55F9-4D91-96B2-084641DA9A6C}.Release|Any CPU.ActiveCfg = Release|Any CPU
		{1EE8CAD3-55F9-4D91-96B2-084641DA9A6C}.Release|Any CPU.Build.0 = Release|Any CPU
		{1EE8CAD3-55F9-4D91-96B2-084641DA9A6C}.Release|ARM.ActiveCfg = Release|Any CPU
		{1EE8CAD3-55F9-4D91-96B2-084641DA9A6C}.Release|ARM.Build.0 = Release|Any CPU
		{1EE8CAD3-55F9-4D91-96B2-084641DA9A6C}.Release|x64.ActiveCfg = Release|x64
		{1EE8CAD3-55F9-4D91-96B2-084641DA9A6C}.Release|x64.Build.0 = Release|x64
		{DFA21CA1-7F96-47EE-940C-069858E81727}.Debug|Any CPU.ActiveCfg = Debug|Any CPU
		{DFA21CA1-7F96-47EE-940C-069858E81727}.Debug|Any CPU.Build.0 = Debug|Any CPU
		{DFA21CA1-7F96-47EE-940C-069858E81727}.Debug|ARM.ActiveCfg = Debug|Any CPU
		{DFA21CA1-7F96-47EE-940C-069858E81727}.Debug|ARM.Build.0 = Debug|Any CPU
		{DFA21CA1-7F96-47EE-940C-069858E81727}.Debug|x64.ActiveCfg = Debug|x64
		{DFA21CA1-7F96-47EE-940C-069858E81727}.Debug|x64.Build.0 = Debug|x64
		{DFA21CA1-7F96-47EE-940C-069858E81727}.DogfoodDebug|Any CPU.ActiveCfg = Debug|Any CPU
		{DFA21CA1-7F96-47EE-940C-069858E81727}.DogfoodDebug|Any CPU.Build.0 = Debug|Any CPU
		{DFA21CA1-7F96-47EE-940C-069858E81727}.DogfoodDebug|ARM.ActiveCfg = Debug|Any CPU
		{DFA21CA1-7F96-47EE-940C-069858E81727}.DogfoodDebug|ARM.Build.0 = Debug|Any CPU
		{DFA21CA1-7F96-47EE-940C-069858E81727}.DogfoodDebug|x64.ActiveCfg = Debug|x64
		{DFA21CA1-7F96-47EE-940C-069858E81727}.DogfoodDebug|x64.Build.0 = Debug|x64
		{DFA21CA1-7F96-47EE-940C-069858E81727}.DogfoodRelease|Any CPU.ActiveCfg = Release|Any CPU
		{DFA21CA1-7F96-47EE-940C-069858E81727}.DogfoodRelease|Any CPU.Build.0 = Release|Any CPU
		{DFA21CA1-7F96-47EE-940C-069858E81727}.DogfoodRelease|ARM.ActiveCfg = Release|Any CPU
		{DFA21CA1-7F96-47EE-940C-069858E81727}.DogfoodRelease|ARM.Build.0 = Release|Any CPU
		{DFA21CA1-7F96-47EE-940C-069858E81727}.DogfoodRelease|x64.ActiveCfg = Release|x64
		{DFA21CA1-7F96-47EE-940C-069858E81727}.DogfoodRelease|x64.Build.0 = Release|x64
		{DFA21CA1-7F96-47EE-940C-069858E81727}.Release|Any CPU.ActiveCfg = Release|Any CPU
		{DFA21CA1-7F96-47EE-940C-069858E81727}.Release|Any CPU.Build.0 = Release|Any CPU
		{DFA21CA1-7F96-47EE-940C-069858E81727}.Release|ARM.ActiveCfg = Release|Any CPU
		{DFA21CA1-7F96-47EE-940C-069858E81727}.Release|ARM.Build.0 = Release|Any CPU
		{DFA21CA1-7F96-47EE-940C-069858E81727}.Release|x64.ActiveCfg = Release|x64
		{DFA21CA1-7F96-47EE-940C-069858E81727}.Release|x64.Build.0 = Release|x64
	EndGlobalSection
	GlobalSection(SolutionProperties) = preSolution
		HideSolutionNode = FALSE
	EndGlobalSection
EndGlobal
